
Microsoft Visual Studio Solution File, Format Version 12.00
# Visual Studio Version 17
VisualStudioVersion = 17.4.33103.184
MinimumVisualStudioVersion = 10.0.40219.1
Project("{9A19103F-16F7-4668-BE54-9A1E7A4F7556}") = "VehiclesApi", "VehicleApi\VehiclesApi.csproj", "{1F0EF4B1-19DE-4B53-BECB-21E08D18955C}"
EndProject
Project("{9A19103F-16F7-4668-BE54-9A1E7A4F7556}") = "CustomersApi", "CustomersApi\CustomersApi.csproj", "{6AF2CABA-84DB-4EA2-8667-F606D5770B6E}"
EndProject
Project("{9A19103F-16F7-4668-BE54-9A1E7A4F7556}") = "ReservationsApi", "ReservationsApi\ReservationsApi.csproj", "{A1A8FF3D-4DDB-49B4-8DB2-93F06797F75D}"
EndProject
Global
	GlobalSection(SolutionConfigurationPlatforms) = preSolution
		Debug|Any CPU = Debug|Any CPU
		Release|Any CPU = Release|Any CPU
	EndGlobalSection
	GlobalSection(ProjectConfigurationPlatforms) = postSolution
		{1F0EF4B1-19DE-4B53-BECB-21E08D18955C}.Debug|Any CPU.ActiveCfg = Debug|Any CPU
		{1F0EF4B1-19DE-4B53-BECB-21E08D18955C}.Debug|Any CPU.Build.0 = Debug|Any CPU
		{1F0EF4B1-19DE-4B53-BECB-21E08D18955C}.Release|Any CPU.ActiveCfg = Release|Any CPU
		{1F0EF4B1-19DE-4B53-BECB-21E08D18955C}.Release|Any CPU.Build.0 = Release|Any CPU
		{6AF2CABA-84DB-4EA2-8667-F606D5770B6E}.Debug|Any CPU.ActiveCfg = Debug|Any CPU
		{6AF2CABA-84DB-4EA2-8667-F606D5770B6E}.Debug|Any CPU.Build.0 = Debug|Any CPU
		{6AF2CABA-84DB-4EA2-8667-F606D5770B6E}.Release|Any CPU.ActiveCfg = Release|Any CPU
		{6AF2CABA-84DB-4EA2-8667-F606D5770B6E}.Release|Any CPU.Build.0 = Release|Any CPU
		{A1A8FF3D-4DDB-49B4-8DB2-93F06797F75D}.Debug|Any CPU.ActiveCfg = Debug|Any CPU
		{A1A8FF3D-4DDB-49B4-8DB2-93F06797F75D}.Debug|Any CPU.Build.0 = Debug|Any CPU
		{A1A8FF3D-4DDB-49B4-8DB2-93F06797F75D}.Release|Any CPU.ActiveCfg = Release|Any CPU
		{A1A8FF3D-4DDB-49B4-8DB2-93F06797F75D}.Release|Any CPU.Build.0 = Release|Any CPU
	EndGlobalSection
	GlobalSection(SolutionProperties) = preSolution
		HideSolutionNode = FALSE
	EndGlobalSection
	GlobalSection(ExtensibilityGlobals) = postSolution
		SolutionGuid = {84B0C1F3-5EEF-4CEB-BEAF-28342261E9CE}
	EndGlobalSection
EndGlobal
